github.com/brronsuite/brond v0.0.0-20220729091639-3393ca5eb3f0 h1:UaI93pWK3Gg2zJO3dj+KFLlxgUfb6x7t0GDuLE5Tqno=
github.com/brronsuite/brond v0.0.0-20220729091639-3393ca5eb3f0/go.mod h1:LgeAPRZbKJwupqdPd63/jV0CNypBWZ4PNC/oIwUmj3M=
github.com/davecgh/go-spew v1.1.1 h1:vj9j/u1bqnvCEfJOwUhtlOARqs3+rkHYY13jYWTU97c=
github.com/davecgh/go-spew v1.1.1/go.mod h1:J7Y8YcW2NihsgmVo/mv3lAwl/skON4iLHjSsI+c5H38=
