github.com/brronsuite/brond v0.0.0-20220729070905-ff07781884c4 h1:O/rqcDlUYxE1OuXrpgZBN3b3RV0gB7znYu4Bz8GNkl4=
github.com/brronsuite/brond v0.0.0-20220729070905-ff07781884c4/go.mod h1:LgeAPRZbKJwupqdPd63/jV0CNypBWZ4PNC/oIwUmj3M=
github.com/davecgh/go-spew v1.1.1 h1:vj9j/u1bqnvCEfJOwUhtlOARqs3+rkHYY13jYWTU97c=
github.com/davecgh/go-spew v1.1.1/go.mod h1:J7Y8YcW2NihsgmVo/mv3lAwl/skON4iLHjSsI+c5H38=
